
Microsoft Visual Studio Solution File, Format Version 12.00
# Visual Studio Version 16
VisualStudioVersion = 16.0.31729.503
MinimumVisualStudioVersion = 10.0.40219.1
Project("{2150E333-8FDC-42A3-9474-1A3956D46DE8}") = "1 - Presentation", "1 - Presentation", "{8C8708FC-D960-49D1-AFB5-EEB7EA6AB8B9}"
EndProject
Project("{FAE04EC0-301F-11D3-BF4B-00C04F79EFBC}") = "Blog.Mvc", "Blog.Mvc\Blog.Mvc.csproj", "{ABBE0605-8BBD-4EA9-80D2-AD410C083F12}"
EndProject
Project("{2150E333-8FDC-42A3-9474-1A3956D46DE8}") = "2 - Application", "2 - Application", "{CEF65BB4-31D4-4503-8B88-EAD3B12A44A1}"
EndProject
Project("{2150E333-8FDC-42A3-9474-1A3956D46DE8}") = "3 - Domain", "3 - Domain", "{BFD96387-4275-4655-82F9-DA9B9196798E}"
EndProject
Project("{2150E333-8FDC-42A3-9474-1A3956D46DE8}") = "4 - Infra", "4 - Infra", "{23E9F9A8-AC1E-4DEF-BD39-55CB03BFE250}"
EndProject
Project("{2150E333-8FDC-42A3-9474-1A3956D46DE8}") = "4.1 -  Data", "4.1 -  Data", "{A18F0895-7D37-422D-A4F2-356A12142A0B}"
EndProject
Project("{2150E333-8FDC-42A3-9474-1A3956D46DE8}") = "4.2 - CrossCutting", "4.2 - CrossCutting", "{E1EDFF5C-9506-45DF-A383-4C332ABD4584}"
EndProject
Project("{FAE04EC0-301F-11D3-BF4B-00C04F79EFBC}") = "Blog.App", "Blog.App\Blog.App.csproj", "{BFFD3CBC-42D3-44AD-A499-D99885BC5E4D}"
EndProject
Project("{FAE04EC0-301F-11D3-BF4B-00C04F79EFBC}") = "Blog.Application", "Blog.Application\Blog.Application.csproj", "{9A32C09B-4557-449C-B639-8845A894AB3E}"
EndProject
Project("{FAE04EC0-301F-11D3-BF4B-00C04F79EFBC}") = "Blog.Domain", "Blog.Domain\Blog.Domain.csproj", "{BAC4960A-B5D3-4093-AE80-8BF73E74D0E8}"
EndProject
Project("{FAE04EC0-301F-11D3-BF4B-00C04F79EFBC}") = "Blog.Infra.Data", "Blog.Infra.Data\Blog.Infra.Data.csproj", "{B3030A3F-7EAA-482A-A838-3978CD820F83}"
EndProject
Project("{FAE04EC0-301F-11D3-BF4B-00C04F79EFBC}") = "Blog.CrossCutting", "Blog.CrossCutting\Blog.CrossCutting.csproj", "{FB5F9B02-8451-485B-8691-2C3700C38037}"
EndProject
Global
	GlobalSection(SolutionConfigurationPlatforms) = preSolution
		Debug|Any CPU = Debug|Any CPU
		Release|Any CPU = Release|Any CPU
	EndGlobalSection
	GlobalSection(ProjectConfigurationPlatforms) = postSolution
		{ABBE0605-8BBD-4EA9-80D2-AD410C083F12}.Debug|Any CPU.ActiveCfg = Debug|Any CPU
		{ABBE0605-8BBD-4EA9-80D2-AD410C083F12}.Debug|Any CPU.Build.0 = Debug|Any CPU
		{ABBE0605-8BBD-4EA9-80D2-AD410C083F12}.Release|Any CPU.ActiveCfg = Release|Any CPU
		{ABBE0605-8BBD-4EA9-80D2-AD410C083F12}.Release|Any CPU.Build.0 = Release|Any CPU
		{BFFD3CBC-42D3-44AD-A499-D99885BC5E4D}.Debug|Any CPU.ActiveCfg = Debug|Any CPU
		{BFFD3CBC-42D3-44AD-A499-D99885BC5E4D}.Debug|Any CPU.Build.0 = Debug|Any CPU
		{BFFD3CBC-42D3-44AD-A499-D99885BC5E4D}.Release|Any CPU.ActiveCfg = Release|Any CPU
		{BFFD3CBC-42D3-44AD-A499-D99885BC5E4D}.Release|Any CPU.Build.0 = Release|Any CPU
		{9A32C09B-4557-449C-B639-8845A894AB3E}.Debug|Any CPU.ActiveCfg = Debug|Any CPU
		{9A32C09B-4557-449C-B639-8845A894AB3E}.Debug|Any CPU.Build.0 = Debug|Any CPU
		{9A32C09B-4557-449C-B639-8845A894AB3E}.Release|Any CPU.ActiveCfg = Release|Any CPU
		{9A32C09B-4557-449C-B639-8845A894AB3E}.Release|Any CPU.Build.0 = Release|Any CPU
		{BAC4960A-B5D3-4093-AE80-8BF73E74D0E8}.Debug|Any CPU.ActiveCfg = Debug|Any CPU
		{BAC4960A-B5D3-4093-AE80-8BF73E74D0E8}.Debug|Any CPU.Build.0 = Debug|Any CPU
		{BAC4960A-B5D3-4093-AE80-8BF73E74D0E8}.Release|Any CPU.ActiveCfg = Release|Any CPU
		{BAC4960A-B5D3-4093-AE80-8BF73E74D0E8}.Release|Any CPU.Build.0 = Release|Any CPU
		{B3030A3F-7EAA-482A-A838-3978CD820F83}.Debug|Any CPU.ActiveCfg = Debug|Any CPU
		{B3030A3F-7EAA-482A-A838-3978CD820F83}.Debug|Any CPU.Build.0 = Debug|Any CPU
		{B3030A3F-7EAA-482A-A838-3978CD820F83}.Release|Any CPU.ActiveCfg = Release|Any CPU
		{B3030A3F-7EAA-482A-A838-3978CD820F83}.Release|Any CPU.Build.0 = Release|Any CPU
		{FB5F9B02-8451-485B-8691-2C3700C38037}.Debug|Any CPU.ActiveCfg = Debug|Any CPU
		{FB5F9B02-8451-485B-8691-2C3700C38037}.Debug|Any CPU.Build.0 = Debug|Any CPU
		{FB5F9B02-8451-485B-8691-2C3700C38037}.Release|Any CPU.ActiveCfg = Release|Any CPU
		{FB5F9B02-8451-485B-8691-2C3700C38037}.Release|Any CPU.Build.0 = Release|Any CPU
	EndGlobalSection
	GlobalSection(SolutionProperties) = preSolution
		HideSolutionNode = FALSE
	EndGlobalSection
	GlobalSection(NestedProjects) = preSolution
		{ABBE0605-8BBD-4EA9-80D2-AD410C083F12} = {8C8708FC-D960-49D1-AFB5-EEB7EA6AB8B9}
		{A18F0895-7D37-422D-A4F2-356A12142A0B} = {23E9F9A8-AC1E-4DEF-BD39-55CB03BFE250}
		{E1EDFF5C-9506-45DF-A383-4C332ABD4584} = {23E9F9A8-AC1E-4DEF-BD39-55CB03BFE250}
		{BFFD3CBC-42D3-44AD-A499-D99885BC5E4D} = {8C8708FC-D960-49D1-AFB5-EEB7EA6AB8B9}
		{9A32C09B-4557-449C-B639-8845A894AB3E} = {CEF65BB4-31D4-4503-8B88-EAD3B12A44A1}
		{BAC4960A-B5D3-4093-AE80-8BF73E74D0E8} = {BFD96387-4275-4655-82F9-DA9B9196798E}
		{B3030A3F-7EAA-482A-A838-3978CD820F83} = {A18F0895-7D37-422D-A4F2-356A12142A0B}
		{FB5F9B02-8451-485B-8691-2C3700C38037} = {E1EDFF5C-9506-45DF-A383-4C332ABD4584}
	EndGlobalSection
	GlobalSection(ExtensibilityGlobals) = postSolution
		SolutionGuid = {306FA892-CC1C-4FDB-A067-293C4E1980B5}
	EndGlobalSection
EndGlobal
